// !$*UTF8*$!
{
    archiveVersion = 1;
    classes = {};
    objectVersion = 46;
    rootObject = __RootObject_;
    objects = {
        __RootObject_ = {
            isa = PBXProject;
            attributes = {LastUpgradeCheck = 9999;};
            buildConfigurationList = ___RootConfs_;
            compatibilityVersion = 'Xcode 3.2';
            developmentRegion = English;
            hasScannedForEncodings = 0;
            knownRegions = (en);
            mainGroup = ___RootGroup_;
            productRefGroup = ____Products_;
            projectDirPath = '';
            projectRoot = '';
            targets = (______Target_Strand, ______Target_C7, ______Target_Hummingbird, ______Target_HummingbirdTestSuite);
        };
        '__PBXFileRef_Package.swift' = {
            isa = PBXFileReference;
            lastKnownFileType = sourcecode.swift;
            name = 'Package.swift';
            path = 'Package.swift';
            sourceTree = '<group>';
        };
        ___RootGroup_ = {
            isa = PBXGroup;
            children = ('__PBXFileRef_Package.swift', _____Configs_, _____Sources_, Dependencies_, _______Tests_, ____Products_);
            sourceTree = '<group>';
        };
        _______Group_Strand = {
            isa = PBXGroup;
            name = Strand;
            path = 'Packages/Strand-1.2.3/Sources';
            sourceTree = '<group>';
            children = ('__PBXFileRef_Packages/Strand-1.2.3/Sources/Strand.swift');
        };
        '__PBXFileRef_Packages/Strand-1.2.3/Sources/Strand.swift' = {
            isa = PBXFileReference;
            lastKnownFileType = sourcecode.swift;
            name = 'Strand.swift';
            sourceTree = '<group>';
        };
        ______Target_Strand = {
            isa = PBXNativeTarget;
            buildConfigurationList = _______Confs_Strand;
            buildPhases = (CompilePhase_Strand, ___LinkPhase_Strand);
            buildRules = ();
            dependencies = ();
            name = Strand;
            productName = Strand;
            productReference = _____Product_Strand;
            productType = 'com.apple.product-type.library.dynamic';
        };
        _____Product_Strand = {
            isa = PBXFileReference;
            explicitFileType = 'compiled.mach-o.dylib';
            path = 'Strand.dylib';
            sourceTree = BUILT_PRODUCTS_DIR;
        };
        CompilePhase_Strand = {
            isa = PBXSourcesBuildPhase;
            files = ('__src_cc_ref_Packages/Strand-1.2.3/Sources/Strand.swift');
            runOnlyForDeploymentPostprocessing = 0;
        };
        ___LinkPhase_Strand = {
            isa = PBXFrameworksBuildPhase;
            files = ();
            runOnlyForDeploymentPostprocessing = 0;
        };
        '__src_cc_ref_Packages/Strand-1.2.3/Sources/Strand.swift' = {
            isa = PBXBuildFile;
            fileRef = '__PBXFileRef_Packages/Strand-1.2.3/Sources/Strand.swift';
        };
        _LinkFileRef_Strand = {
            isa = PBXBuildFile;
            fileRef = _____Product_Strand;
        };
        _______Confs_Strand = {
            isa = XCConfigurationList;
            buildConfigurations = (___DebugConf_Strand, _ReleaseConf_Strand);
            defaultConfigurationIsVisible = 0;
            defaultConfigurationName = Debug;
        };
        ___DebugConf_Strand = {
            isa = XCBuildConfiguration;
            buildSettings = { ENABLE_TESTABILITY = YES; SWIFT_OPTIMIZATION_LEVEL = -Onone; LD_RUNPATH_SEARCH_PATHS = '$(TOOLCHAIN_DIR)/usr/lib/swift/macosx'; };
            name = Debug;
        };
        _ReleaseConf_Strand = {
            isa = XCBuildConfiguration;
            buildSettings = { ENABLE_TESTABILITY = YES; LD_RUNPATH_SEARCH_PATHS = '$(TOOLCHAIN_DIR)/usr/lib/swift/macosx'; };
            name = Release;
        };
        __Dependency_Strand = {
            isa = PBXTargetDependency;
            target = ______Target_Strand;
        };
        _______Group_C7 = {
            isa = PBXGroup;
            name = C7;
            path = 'Packages/C7-0.7.0/Sources';
            sourceTree = '<group>';
            children = ('__PBXFileRef_Packages/C7-0.7.0/Sources/AsyncConnection.swift', '__PBXFileRef_Packages/C7-0.7.0/Sources/AsyncHost.swift', '__PBXFileRef_Packages/C7-0.7.0/Sources/AsyncStream.swift', '__PBXFileRef_Packages/C7-0.7.0/Sources/AsyncURIConnection.swift', '__PBXFileRef_Packages/C7-0.7.0/Sources/Byte.swift', '__PBXFileRef_Packages/C7-0.7.0/Sources/C7.swift', '__PBXFileRef_Packages/C7-0.7.0/Sources/CaseInsensitiveString.swift', '__PBXFileRef_Packages/C7-0.7.0/Sources/Closable.swift', '__PBXFileRef_Packages/C7-0.7.0/Sources/Connection.swift', '__PBXFileRef_Packages/C7-0.7.0/Sources/CustomDataStore.swift', '__PBXFileRef_Packages/C7-0.7.0/Sources/Data.swift', '__PBXFileRef_Packages/C7-0.7.0/Sources/Drain.swift', '__PBXFileRef_Packages/C7-0.7.0/Sources/Host.swift', '__PBXFileRef_Packages/C7-0.7.0/Sources/Query.swift', '__PBXFileRef_Packages/C7-0.7.0/Sources/QueryField.swift', '__PBXFileRef_Packages/C7-0.7.0/Sources/Stream.swift', '__PBXFileRef_Packages/C7-0.7.0/Sources/StreamError.swift', '__PBXFileRef_Packages/C7-0.7.0/Sources/StreamSequence.swift', '__PBXFileRef_Packages/C7-0.7.0/Sources/Time.swift', '__PBXFileRef_Packages/C7-0.7.0/Sources/URI.swift', '__PBXFileRef_Packages/C7-0.7.0/Sources/URIConnection.swift');
        };
        '__PBXFileRef_Packages/C7-0.7.0/Sources/AsyncConnection.swift' = {
            isa = PBXFileReference;
            lastKnownFileType = sourcecode.swift;
            name = 'AsyncConnection.swift';
            sourceTree = '<group>';
        };
        '__PBXFileRef_Packages/C7-0.7.0/Sources/AsyncHost.swift' = {
            isa = PBXFileReference;
            lastKnownFileType = sourcecode.swift;
            name = 'AsyncHost.swift';
            sourceTree = '<group>';
        };
        '__PBXFileRef_Packages/C7-0.7.0/Sources/AsyncStream.swift' = {
            isa = PBXFileReference;
            lastKnownFileType = sourcecode.swift;
            name = 'AsyncStream.swift';
            sourceTree = '<group>';
        };
        '__PBXFileRef_Packages/C7-0.7.0/Sources/AsyncURIConnection.swift' = {
            isa = PBXFileReference;
            lastKnownFileType = sourcecode.swift;
            name = 'AsyncURIConnection.swift';
            sourceTree = '<group>';
        };
        '__PBXFileRef_Packages/C7-0.7.0/Sources/Byte.swift' = {
            isa = PBXFileReference;
            lastKnownFileType = sourcecode.swift;
            name = 'Byte.swift';
            sourceTree = '<group>';
        };
        '__PBXFileRef_Packages/C7-0.7.0/Sources/C7.swift' = {
            isa = PBXFileReference;
            lastKnownFileType = sourcecode.swift;
            name = 'C7.swift';
            sourceTree = '<group>';
        };
        '__PBXFileRef_Packages/C7-0.7.0/Sources/CaseInsensitiveString.swift' = {
            isa = PBXFileReference;
            lastKnownFileType = sourcecode.swift;
            name = 'CaseInsensitiveString.swift';
            sourceTree = '<group>';
        };
        '__PBXFileRef_Packages/C7-0.7.0/Sources/Closable.swift' = {
            isa = PBXFileReference;
            lastKnownFileType = sourcecode.swift;
            name = 'Closable.swift';
            sourceTree = '<group>';
        };
        '__PBXFileRef_Packages/C7-0.7.0/Sources/Connection.swift' = {
            isa = PBXFileReference;
            lastKnownFileType = sourcecode.swift;
            name = 'Connection.swift';
            sourceTree = '<group>';
        };
        '__PBXFileRef_Packages/C7-0.7.0/Sources/CustomDataStore.swift' = {
            isa = PBXFileReference;
            lastKnownFileType = sourcecode.swift;
            name = 'CustomDataStore.swift';
            sourceTree = '<group>';
        };
        '__PBXFileRef_Packages/C7-0.7.0/Sources/Data.swift' = {
            isa = PBXFileReference;
            lastKnownFileType = sourcecode.swift;
            name = 'Data.swift';
            sourceTree = '<group>';
        };
        '__PBXFileRef_Packages/C7-0.7.0/Sources/Drain.swift' = {
            isa = PBXFileReference;
            lastKnownFileType = sourcecode.swift;
            name = 'Drain.swift';
            sourceTree = '<group>';
        };
        '__PBXFileRef_Packages/C7-0.7.0/Sources/Host.swift' = {
            isa = PBXFileReference;
            lastKnownFileType = sourcecode.swift;
            name = 'Host.swift';
            sourceTree = '<group>';
        };
        '__PBXFileRef_Packages/C7-0.7.0/Sources/Query.swift' = {
            isa = PBXFileReference;
            lastKnownFileType = sourcecode.swift;
            name = 'Query.swift';
            sourceTree = '<group>';
        };
        '__PBXFileRef_Packages/C7-0.7.0/Sources/QueryField.swift' = {
            isa = PBXFileReference;
            lastKnownFileType = sourcecode.swift;
            name = 'QueryField.swift';
            sourceTree = '<group>';
        };
        '__PBXFileRef_Packages/C7-0.7.0/Sources/Stream.swift' = {
            isa = PBXFileReference;
            lastKnownFileType = sourcecode.swift;
            name = 'Stream.swift';
            sourceTree = '<group>';
        };
        '__PBXFileRef_Packages/C7-0.7.0/Sources/StreamError.swift' = {
            isa = PBXFileReference;
            lastKnownFileType = sourcecode.swift;
            name = 'StreamError.swift';
            sourceTree = '<group>';
        };
        '__PBXFileRef_Packages/C7-0.7.0/Sources/StreamSequence.swift' = {
            isa = PBXFileReference;
            lastKnownFileType = sourcecode.swift;
            name = 'StreamSequence.swift';
            sourceTree = '<group>';
        };
        '__PBXFileRef_Packages/C7-0.7.0/Sources/Time.swift' = {
            isa = PBXFileReference;
            lastKnownFileType = sourcecode.swift;
            name = 'Time.swift';
            sourceTree = '<group>';
        };
        '__PBXFileRef_Packages/C7-0.7.0/Sources/URI.swift' = {
            isa = PBXFileReference;
            lastKnownFileType = sourcecode.swift;
            name = 'URI.swift';
            sourceTree = '<group>';
        };
        '__PBXFileRef_Packages/C7-0.7.0/Sources/URIConnection.swift' = {
            isa = PBXFileReference;
            lastKnownFileType = sourcecode.swift;
            name = 'URIConnection.swift';
            sourceTree = '<group>';
        };
        ______Target_C7 = {
            isa = PBXNativeTarget;
            buildConfigurationList = _______Confs_C7;
            buildPhases = (CompilePhase_C7, ___LinkPhase_C7);
            buildRules = ();
            dependencies = ();
            name = C7;
            productName = C7;
            productReference = _____Product_C7;
            productType = 'com.apple.product-type.library.dynamic';
        };
        _____Product_C7 = {
            isa = PBXFileReference;
            explicitFileType = 'compiled.mach-o.dylib';
            path = 'C7.dylib';
            sourceTree = BUILT_PRODUCTS_DIR;
        };
        CompilePhase_C7 = {
            isa = PBXSourcesBuildPhase;
            files = ('__src_cc_ref_Packages/C7-0.7.0/Sources/AsyncConnection.swift', '__src_cc_ref_Packages/C7-0.7.0/Sources/AsyncHost.swift', '__src_cc_ref_Packages/C7-0.7.0/Sources/AsyncStream.swift', '__src_cc_ref_Packages/C7-0.7.0/Sources/AsyncURIConnection.swift', '__src_cc_ref_Packages/C7-0.7.0/Sources/Byte.swift', '__src_cc_ref_Packages/C7-0.7.0/Sources/C7.swift', '__src_cc_ref_Packages/C7-0.7.0/Sources/CaseInsensitiveString.swift', '__src_cc_ref_Packages/C7-0.7.0/Sources/Closable.swift', '__src_cc_ref_Packages/C7-0.7.0/Sources/Connection.swift', '__src_cc_ref_Packages/C7-0.7.0/Sources/CustomDataStore.swift', '__src_cc_ref_Packages/C7-0.7.0/Sources/Data.swift', '__src_cc_ref_Packages/C7-0.7.0/Sources/Drain.swift', '__src_cc_ref_Packages/C7-0.7.0/Sources/Host.swift', '__src_cc_ref_Packages/C7-0.7.0/Sources/Query.swift', '__src_cc_ref_Packages/C7-0.7.0/Sources/QueryField.swift', '__src_cc_ref_Packages/C7-0.7.0/Sources/Stream.swift', '__src_cc_ref_Packages/C7-0.7.0/Sources/StreamError.swift', '__src_cc_ref_Packages/C7-0.7.0/Sources/StreamSequence.swift', '__src_cc_ref_Packages/C7-0.7.0/Sources/Time.swift', '__src_cc_ref_Packages/C7-0.7.0/Sources/URI.swift', '__src_cc_ref_Packages/C7-0.7.0/Sources/URIConnection.swift');
            runOnlyForDeploymentPostprocessing = 0;
        };
        ___LinkPhase_C7 = {
            isa = PBXFrameworksBuildPhase;
            files = ();
            runOnlyForDeploymentPostprocessing = 0;
        };
        '__src_cc_ref_Packages/C7-0.7.0/Sources/AsyncConnection.swift' = {
            isa = PBXBuildFile;
            fileRef = '__PBXFileRef_Packages/C7-0.7.0/Sources/AsyncConnection.swift';
        };
        '__src_cc_ref_Packages/C7-0.7.0/Sources/AsyncHost.swift' = {
            isa = PBXBuildFile;
            fileRef = '__PBXFileRef_Packages/C7-0.7.0/Sources/AsyncHost.swift';
        };
        '__src_cc_ref_Packages/C7-0.7.0/Sources/AsyncStream.swift' = {
            isa = PBXBuildFile;
            fileRef = '__PBXFileRef_Packages/C7-0.7.0/Sources/AsyncStream.swift';
        };
        '__src_cc_ref_Packages/C7-0.7.0/Sources/AsyncURIConnection.swift' = {
            isa = PBXBuildFile;
            fileRef = '__PBXFileRef_Packages/C7-0.7.0/Sources/AsyncURIConnection.swift';
        };
        '__src_cc_ref_Packages/C7-0.7.0/Sources/Byte.swift' = {
            isa = PBXBuildFile;
            fileRef = '__PBXFileRef_Packages/C7-0.7.0/Sources/Byte.swift';
        };
        '__src_cc_ref_Packages/C7-0.7.0/Sources/C7.swift' = {
            isa = PBXBuildFile;
            fileRef = '__PBXFileRef_Packages/C7-0.7.0/Sources/C7.swift';
        };
        '__src_cc_ref_Packages/C7-0.7.0/Sources/CaseInsensitiveString.swift' = {
            isa = PBXBuildFile;
            fileRef = '__PBXFileRef_Packages/C7-0.7.0/Sources/CaseInsensitiveString.swift';
        };
        '__src_cc_ref_Packages/C7-0.7.0/Sources/Closable.swift' = {
            isa = PBXBuildFile;
            fileRef = '__PBXFileRef_Packages/C7-0.7.0/Sources/Closable.swift';
        };
        '__src_cc_ref_Packages/C7-0.7.0/Sources/Connection.swift' = {
            isa = PBXBuildFile;
            fileRef = '__PBXFileRef_Packages/C7-0.7.0/Sources/Connection.swift';
        };
        '__src_cc_ref_Packages/C7-0.7.0/Sources/CustomDataStore.swift' = {
            isa = PBXBuildFile;
            fileRef = '__PBXFileRef_Packages/C7-0.7.0/Sources/CustomDataStore.swift';
        };
        '__src_cc_ref_Packages/C7-0.7.0/Sources/Data.swift' = {
            isa = PBXBuildFile;
            fileRef = '__PBXFileRef_Packages/C7-0.7.0/Sources/Data.swift';
        };
        '__src_cc_ref_Packages/C7-0.7.0/Sources/Drain.swift' = {
            isa = PBXBuildFile;
            fileRef = '__PBXFileRef_Packages/C7-0.7.0/Sources/Drain.swift';
        };
        '__src_cc_ref_Packages/C7-0.7.0/Sources/Host.swift' = {
            isa = PBXBuildFile;
            fileRef = '__PBXFileRef_Packages/C7-0.7.0/Sources/Host.swift';
        };
        '__src_cc_ref_Packages/C7-0.7.0/Sources/Query.swift' = {
            isa = PBXBuildFile;
            fileRef = '__PBXFileRef_Packages/C7-0.7.0/Sources/Query.swift';
        };
        '__src_cc_ref_Packages/C7-0.7.0/Sources/QueryField.swift' = {
            isa = PBXBuildFile;
            fileRef = '__PBXFileRef_Packages/C7-0.7.0/Sources/QueryField.swift';
        };
        '__src_cc_ref_Packages/C7-0.7.0/Sources/Stream.swift' = {
            isa = PBXBuildFile;
            fileRef = '__PBXFileRef_Packages/C7-0.7.0/Sources/Stream.swift';
        };
        '__src_cc_ref_Packages/C7-0.7.0/Sources/StreamError.swift' = {
            isa = PBXBuildFile;
            fileRef = '__PBXFileRef_Packages/C7-0.7.0/Sources/StreamError.swift';
        };
        '__src_cc_ref_Packages/C7-0.7.0/Sources/StreamSequence.swift' = {
            isa = PBXBuildFile;
            fileRef = '__PBXFileRef_Packages/C7-0.7.0/Sources/StreamSequence.swift';
        };
        '__src_cc_ref_Packages/C7-0.7.0/Sources/Time.swift' = {
            isa = PBXBuildFile;
            fileRef = '__PBXFileRef_Packages/C7-0.7.0/Sources/Time.swift';
        };
        '__src_cc_ref_Packages/C7-0.7.0/Sources/URI.swift' = {
            isa = PBXBuildFile;
            fileRef = '__PBXFileRef_Packages/C7-0.7.0/Sources/URI.swift';
        };
        '__src_cc_ref_Packages/C7-0.7.0/Sources/URIConnection.swift' = {
            isa = PBXBuildFile;
            fileRef = '__PBXFileRef_Packages/C7-0.7.0/Sources/URIConnection.swift';
        };
        _LinkFileRef_C7 = {
            isa = PBXBuildFile;
            fileRef = _____Product_C7;
        };
        _______Confs_C7 = {
            isa = XCConfigurationList;
            buildConfigurations = (___DebugConf_C7, _ReleaseConf_C7);
            defaultConfigurationIsVisible = 0;
            defaultConfigurationName = Debug;
        };
        ___DebugConf_C7 = {
            isa = XCBuildConfiguration;
            buildSettings = { ENABLE_TESTABILITY = YES; SWIFT_OPTIMIZATION_LEVEL = -Onone; LD_RUNPATH_SEARCH_PATHS = '$(TOOLCHAIN_DIR)/usr/lib/swift/macosx'; };
            name = Debug;
        };
        _ReleaseConf_C7 = {
            isa = XCBuildConfiguration;
            buildSettings = { ENABLE_TESTABILITY = YES; LD_RUNPATH_SEARCH_PATHS = '$(TOOLCHAIN_DIR)/usr/lib/swift/macosx'; };
            name = Release;
        };
        __Dependency_C7 = {
            isa = PBXTargetDependency;
            target = ______Target_C7;
        };
        _______Group_Hummingbird = {
            isa = PBXGroup;
            name = Hummingbird;
            path = 'Sources';
            sourceTree = '<group>';
            children = ('__PBXFileRef_Sources/ClientSocket.swift', '__PBXFileRef_Sources/Hummingbird.swift', '__PBXFileRef_Sources/ServerSocket.swift', '__PBXFileRef_Sources/Socket.swift', '__PBXFileRef_Sources/SocketError.swift', '__PBXFileRef_Sources/String+Transcoding.swift');
        };
        '__PBXFileRef_Sources/ClientSocket.swift' = {
            isa = PBXFileReference;
            lastKnownFileType = sourcecode.swift;
            name = 'ClientSocket.swift';
            sourceTree = '<group>';
        };
        '__PBXFileRef_Sources/Hummingbird.swift' = {
            isa = PBXFileReference;
            lastKnownFileType = sourcecode.swift;
            name = 'Hummingbird.swift';
            sourceTree = '<group>';
        };
        '__PBXFileRef_Sources/ServerSocket.swift' = {
            isa = PBXFileReference;
            lastKnownFileType = sourcecode.swift;
            name = 'ServerSocket.swift';
            sourceTree = '<group>';
        };
        '__PBXFileRef_Sources/Socket.swift' = {
            isa = PBXFileReference;
            lastKnownFileType = sourcecode.swift;
            name = 'Socket.swift';
            sourceTree = '<group>';
        };
        '__PBXFileRef_Sources/SocketError.swift' = {
            isa = PBXFileReference;
            lastKnownFileType = sourcecode.swift;
            name = 'SocketError.swift';
            sourceTree = '<group>';
        };
        '__PBXFileRef_Sources/String+Transcoding.swift' = {
            isa = PBXFileReference;
            lastKnownFileType = sourcecode.swift;
            name = 'String+Transcoding.swift';
            sourceTree = '<group>';
        };
        ______Target_Hummingbird = {
            isa = PBXNativeTarget;
            buildConfigurationList = _______Confs_Hummingbird;
            buildPhases = (CompilePhase_Hummingbird, ___LinkPhase_Hummingbird);
            buildRules = ();
            dependencies = (__Dependency_C7, __Dependency_Strand);
            name = Hummingbird;
            productName = Hummingbird;
            productReference = _____Product_Hummingbird;
            productType = 'com.apple.product-type.library.dynamic';
        };
        _____Product_Hummingbird = {
            isa = PBXFileReference;
            explicitFileType = 'compiled.mach-o.dylib';
            path = 'Hummingbird.dylib';
            sourceTree = BUILT_PRODUCTS_DIR;
        };
        CompilePhase_Hummingbird = {
            isa = PBXSourcesBuildPhase;
            files = ('__src_cc_ref_Sources/ClientSocket.swift', '__src_cc_ref_Sources/Hummingbird.swift', '__src_cc_ref_Sources/ServerSocket.swift', '__src_cc_ref_Sources/Socket.swift', '__src_cc_ref_Sources/SocketError.swift', '__src_cc_ref_Sources/String+Transcoding.swift');
            runOnlyForDeploymentPostprocessing = 0;
        };
        ___LinkPhase_Hummingbird = {
            isa = PBXFrameworksBuildPhase;
            files = (_LinkFileRef_C7, _LinkFileRef_Strand);
            runOnlyForDeploymentPostprocessing = 0;
        };
        '__src_cc_ref_Sources/ClientSocket.swift' = {
            isa = PBXBuildFile;
            fileRef = '__PBXFileRef_Sources/ClientSocket.swift';
        };
        '__src_cc_ref_Sources/Hummingbird.swift' = {
            isa = PBXBuildFile;
            fileRef = '__PBXFileRef_Sources/Hummingbird.swift';
        };
        '__src_cc_ref_Sources/ServerSocket.swift' = {
            isa = PBXBuildFile;
            fileRef = '__PBXFileRef_Sources/ServerSocket.swift';
        };
        '__src_cc_ref_Sources/Socket.swift' = {
            isa = PBXBuildFile;
            fileRef = '__PBXFileRef_Sources/Socket.swift';
        };
        '__src_cc_ref_Sources/SocketError.swift' = {
            isa = PBXBuildFile;
            fileRef = '__PBXFileRef_Sources/SocketError.swift';
        };
        '__src_cc_ref_Sources/String+Transcoding.swift' = {
            isa = PBXBuildFile;
            fileRef = '__PBXFileRef_Sources/String+Transcoding.swift';
        };
        _LinkFileRef_Hummingbird = {
            isa = PBXBuildFile;
            fileRef = _____Product_Hummingbird;
        };
        _______Confs_Hummingbird = {
            isa = XCConfigurationList;
            buildConfigurations = (___DebugConf_Hummingbird, _ReleaseConf_Hummingbird);
            defaultConfigurationIsVisible = 0;
            defaultConfigurationName = Debug;
        };
        ___DebugConf_Hummingbird = {
            isa = XCBuildConfiguration;
            buildSettings = { ENABLE_TESTABILITY = YES; SWIFT_OPTIMIZATION_LEVEL = -Onone; LD_RUNPATH_SEARCH_PATHS = '$(TOOLCHAIN_DIR)/usr/lib/swift/macosx'; };
            name = Debug;
        };
        _ReleaseConf_Hummingbird = {
            isa = XCBuildConfiguration;
            buildSettings = { ENABLE_TESTABILITY = YES; LD_RUNPATH_SEARCH_PATHS = '$(TOOLCHAIN_DIR)/usr/lib/swift/macosx'; };
            name = Release;
        };
        __Dependency_Hummingbird = {
            isa = PBXTargetDependency;
            target = ______Target_Hummingbird;
        };
        _______Group_HummingbirdTestSuite = {
            isa = PBXGroup;
            name = HummingbirdTestSuite;
            path = 'Tests/Hummingbird';
            sourceTree = '<group>';
            children = ('__PBXFileRef_Tests/Hummingbird/ServerSocketTests.swift', '__PBXFileRef_Tests/Hummingbird/SocketTests.swift');
        };
        '__PBXFileRef_Tests/Hummingbird/ServerSocketTests.swift' = {
            isa = PBXFileReference;
            lastKnownFileType = sourcecode.swift;
            name = 'ServerSocketTests.swift';
            sourceTree = '<group>';
        };
        '__PBXFileRef_Tests/Hummingbird/SocketTests.swift' = {
            isa = PBXFileReference;
            lastKnownFileType = sourcecode.swift;
            name = 'SocketTests.swift';
            sourceTree = '<group>';
        };
        ______Target_HummingbirdTestSuite = {
            isa = PBXNativeTarget;
            buildConfigurationList = _______Confs_HummingbirdTestSuite;
            buildPhases = (CompilePhase_HummingbirdTestSuite, ___LinkPhase_HummingbirdTestSuite);
            buildRules = ();
            dependencies = (__Dependency_C7, __Dependency_Strand, __Dependency_Hummingbird);
            name = HummingbirdTestSuite;
            productName = HummingbirdTestSuite;
            productReference = _____Product_HummingbirdTestSuite;
            productType = 'com.apple.product-type.bundle.unit-test';
        };
        _____Product_HummingbirdTestSuite = {
            isa = PBXFileReference;
            explicitFileType = 'compiled.mach-o.wrapper.cfbundle';
            path = 'HummingbirdTestSuite.xctest';
            sourceTree = BUILT_PRODUCTS_DIR;
        };
        CompilePhase_HummingbirdTestSuite = {
            isa = PBXSourcesBuildPhase;
            files = ('__src_cc_ref_Tests/Hummingbird/ServerSocketTests.swift', '__src_cc_ref_Tests/Hummingbird/SocketTests.swift');
            runOnlyForDeploymentPostprocessing = 0;
        };
        ___LinkPhase_HummingbirdTestSuite = {
            isa = PBXFrameworksBuildPhase;
            files = (_LinkFileRef_C7, _LinkFileRef_Strand, _LinkFileRef_Hummingbird);
            runOnlyForDeploymentPostprocessing = 0;
        };
        '__src_cc_ref_Tests/Hummingbird/ServerSocketTests.swift' = {
            isa = PBXBuildFile;
            fileRef = '__PBXFileRef_Tests/Hummingbird/ServerSocketTests.swift';
        };
        '__src_cc_ref_Tests/Hummingbird/SocketTests.swift' = {
            isa = PBXBuildFile;
            fileRef = '__PBXFileRef_Tests/Hummingbird/SocketTests.swift';
        };
        _LinkFileRef_HummingbirdTestSuite = {
            isa = PBXBuildFile;
            fileRef = _____Product_HummingbirdTestSuite;
        };
        _______Confs_HummingbirdTestSuite = {
            isa = XCConfigurationList;
            buildConfigurations = (___DebugConf_HummingbirdTestSuite, _ReleaseConf_HummingbirdTestSuite);
            defaultConfigurationIsVisible = 0;
            defaultConfigurationName = Debug;
        };
        ___DebugConf_HummingbirdTestSuite = {
            isa = XCBuildConfiguration;
            buildSettings = { EMBEDDED_CONTENT_CONTAINS_SWIFT = YES; SWIFT_OPTIMIZATION_LEVEL = -Onone; LD_RUNPATH_SEARCH_PATHS = '@loader_path/../Frameworks'; };
            name = Debug;
        };
        _ReleaseConf_HummingbirdTestSuite = {
            isa = XCBuildConfiguration;
            buildSettings = { EMBEDDED_CONTENT_CONTAINS_SWIFT = YES; LD_RUNPATH_SEARCH_PATHS = '@loader_path/../Frameworks'; };
            name = Release;
        };
        __Dependency_HummingbirdTestSuite = {
            isa = PBXTargetDependency;
            target = ______Target_HummingbirdTestSuite;
        };
        '__PBXFileRef_Hummingbird.xcodeproj/Configs/Project.xcconfig' = {
            isa = PBXFileReference;
            lastKnownFileType = text.xcconfig;
            name = 'Project.xcconfig';
            path = 'Hummingbird.xcodeproj/Configs/Project.xcconfig';
            sourceTree = '<group>';
        };
        _____Configs_ = {
            isa = PBXGroup;
            children = ('__PBXFileRef_Hummingbird.xcodeproj/Configs/Project.xcconfig');
            name = Configs;
            sourceTree = '<group>';
        };
        _____Sources_ = {
            isa = PBXGroup;
            children = (_______Group_Strand, _______Group_C7, _______Group_Hummingbird);
            name = Sources;
            sourceTree = '<group>';
        };
        Dependencies_ = {
            isa = PBXGroup;
            children = (_______Group_Strand, _______Group_C7);
            name = Dependencies;
            sourceTree = '<group>';
        };
        _______Tests_ = {
            isa = PBXGroup;
            children = (_______Group_HummingbirdTestSuite);
            name = Tests;
            sourceTree = '<group>';
        };
       TestProducts_ = {
            isa = PBXGroup;
            children = (_____Product_HummingbirdTestSuite);
            name = Tests;
            sourceTree = '<group>';
        };
        ____Products_ = {
            isa = PBXGroup;
            children = (TestProducts_, _____Product_Strand, _____Product_C7, _____Product_Hummingbird);
            name = Products;
            sourceTree = '<group>';
        };
        _______Debug_ = {
            isa = XCBuildConfiguration;
            baseConfigurationReference = '__PBXFileRef_Hummingbird.xcodeproj/Configs/Project.xcconfig';
            buildSettings = {};
            name = Debug;
        };
        _____Release_ = {
            isa = XCBuildConfiguration;
            baseConfigurationReference = '__PBXFileRef_Hummingbird.xcodeproj/Configs/Project.xcconfig';
            buildSettings = {};
            name = Release;
        };
        ___RootConfs_ = {
            isa = XCConfigurationList;
            buildConfigurations = (_______Debug_, _____Release_);
            defaultConfigurationIsVisible = 0;
            defaultConfigurationName = Debug;
        };
    };
}
